PODS:
  - Capacitor (7.6.8):
    - CapacitorCordova
  - CapacitorCordova (7.6.8)
  - CapacitorHaptics (7.0.5):
    - Capacitor
  - CapacitorPreferences (7.0.4):
    - Capacitor

DEPENDENCIES:
  - "Capacitor (from `../../node_modules/@capacitor/ios`)"
  - "CapacitorCordova (from `../../node_modules/@capacitor/ios`)"
  - "CapacitorHaptics (from `../../node_modules/@capacitor/haptics`)"
  - "CapacitorPreferences (from `../../node_modules/@capacitor/preferences`)"

EXTERNAL SOURCES:
  Capacitor:
    :path: "../../node_modules/@capacitor/ios"
  CapacitorCordova:
    :path: "../../node_modules/@capacitor/ios"
  CapacitorHaptics:
    :path: "../../node_modules/@capacitor/haptics"
  CapacitorPreferences:
    :path: "../../node_modules/@capacitor/preferences"

SPEC CHECKSUMS:
  Capacitor: ff6bf01336ac353098378828aff465095a89e459
  CapacitorCordova: e61ee8c40101b8cd011d0224261606a290c082cf
  CapacitorHaptics: 1b145fa83c622e5383a3bac04ea81e2514f0b0f5
  CapacitorPreferences: 69d9991307507aeab8ef8019c10b9babfda0e9ca

PODFILE CHECKSUM: 3c71795e5a43289d4c256a858097aef50eb33ef7

COCOAPODS: 1.17.0
